
Microsoft Visual Studio Solution File, Format Version 12.00
# Visual Studio Version 17
VisualStudioVersion = 17.3.32922.545
MinimumVisualStudioVersion = 10.0.40219.1
Project("{FAE04EC0-301F-11D3-BF4B-00C04F79EFBC}") = "dynammicXMLPractice1", "dynammicXMLPractice1\dynammicXMLPractice1.csproj", "{AF0EA62A-2239-4D82-AD28-E3C973C0DB3A}"
EndProject
Global
	GlobalSection(SolutionConfigurationPlatforms) = preSolution
		Debug|Any CPU = Debug|Any CPU
		Release|Any CPU = Release|Any CPU
	EndGlobalSection
	GlobalSection(ProjectConfigurationPlatforms) = postSolution
		{AF0EA62A-2239-4D82-AD28-E3C973C0DB3A}.Debug|Any CPU.ActiveCfg = Debug|Any CPU
		{AF0EA62A-2239-4D82-AD28-E3C973C0DB3A}.Debug|Any CPU.Build.0 = Debug|Any CPU
		{AF0EA62A-2239-4D82-AD28-E3C973C0DB3A}.Release|Any CPU.ActiveCfg = Release|Any CPU
		{AF0EA62A-2239-4D82-AD28-E3C973C0DB3A}.Release|Any CPU.Build.0 = Release|Any CPU
	EndGlobalSection
	GlobalSection(SolutionProperties) = preSolution
		HideSolutionNode = FALSE
	EndGlobalSection
	GlobalSection(ExtensibilityGlobals) = postSolution
		SolutionGuid = {5BEE7582-5887-4D7D-85CB-1ADD023E36E2}
	EndGlobalSection
EndGlobal
